# THIS IS AN AUTOGENERATED FILE. DO NOT EDIT THIS FILE DIRECTLY.
# yarn lockfile v1


simple-icons@^1.9.22:
  version "1.9.22"
  resolved "https://registry.yarnpkg.com/simple-icons/-/simple-icons-1.9.22.tgz#f8d27820ebc92a677049fd772ef1db1b09f28577"
  integrity sha512-cE5s7NAnDtbS5OxeRMRHaiLncIORUa/pv+MXhab0xkNo1990xjXpXO7Am/+2ZXlYuhO3qw47kn4cB9+5N8ppkQ==

three@^0.102.1:
  version "0.102.1"
  resolved "https://registry.yarnpkg.com/three/-/three-0.102.1.tgz#fc08b6b11860cf59e8cd45b7e90e34d1d1a8cbd6"
  integrity sha512-btHBdww/Es4vdBkB2GjTE9mpj0vy8tgtxkX7ne7uxySXV8zoGxWJv1N88BydxnCqvAfmD4ZUTqPeESO7oDgeOQ==
